// !$*UTF8*$!
{
	archiveVersion = 1;
	classes = {
	};
	objectVersion = 46;
	objects = {

/* Begin PBXBuildFile section */
		1F9B42221F61E44300CAA458 /* AppDelegate.swift in Sources */ = {isa = PBXBuildFile; fileRef = 1F9B42211F61E44300CAA458 /* AppDelegate.swift */; };
		1F9B42241F61E44300CAA458 /* ViewController.swift in Sources */ = {isa = PBXBuildFile; fileRef = 1F9B42231F61E44300CAA458 /* ViewController.swift */; };
		1F9B42271F61E44300CAA458 /* Main.storyboard in Resources */ = {isa = PBXBuildFile; fileRef = 1F9B42251F61E44300CAA458 /* Main.storyboard */; };
		1F9B42291F61E44300CAA458 /* Assets.xcassets in Resources */ = {isa = PBXBuildFile; fileRef = 1F9B42281F61E44300CAA458 /* Assets.xcassets */; };
		1F9B422C1F61E44300CAA458 /* LaunchScreen.storyboard in Resources */ = {isa = PBXBuildFile; fileRef = 1F9B422A1F61E44300CAA458 /* LaunchScreen.storyboard */; };
		1F9B42371F61E44300CAA458 /* Cold_CallTests.swift in Sources */ = {isa = PBXBuildFile; fileRef = 1F9B42361F61E44300CAA458 /* Cold_CallTests.swift */; };
		1F9B42421F61E44300CAA458 /* Cold_CallUITests.swift in Sources */ = {isa = PBXBuildFile; fileRef = 1F9B42411F61E44300CAA458 /* Cold_CallUITests.swift */; };
/* End PBXBuildFile section */

/* Begin PBXContainerItemProxy section */
		1F9B42331F61E44300CAA458 /* PBXContainerItemProxy */ = {
			isa = PBXContainerItemProxy;
			containerPortal = 1F9B42161F61E44200CAA458 /* Project object */;
			proxyType = 1;
			remoteGlobalIDString = 1F9B421D1F61E44200CAA458;
			remoteInfo = "Cold Call";
		};
		1F9B423E1F61E44300CAA458 /* PBXContainerItemProxy */ = {
			isa = PBXContainerItemProxy;
			containerPortal = 1F9B42161F61E44200CAA458 /* Project object */;
			proxyType = 1;
			remoteGlobalIDString = 1F9B421D1F61E44200CAA458;
			remoteInfo = "Cold Call";
		};
/* End PBXContainerItemProxy section */

/* Begin PBXFileReference section */
		1F9B421E1F61E44300CAA458 /* Cold Call.app */ = {isa = PBXFileReference; explicitFileType = wrapper.application; includeInIndex = 0; path = "Cold Call.app"; sourceTree = BUILT_PRODUCTS_DIR; };
		1F9B42211F61E44300CAA458 /* AppDelegate.swift */ = {isa = PBXFileReference; lastKnownFileType = sourcecode.swift; path = AppDelegate.swift; sourceTree = "<group>"; };
		1F9B42231F61E44300CAA458 /* ViewController.swift */ = {isa = PBXFileReference; lastKnownFileType = sourcecode.swift; path = ViewController.swift; sourceTree = "<group>"; };
		1F9B42261F61E44300CAA458 /* Base */ = {isa = PBXFileReference; lastKnownFileType = file.storyboard; name = Base; path = Base.lproj/Main.storyboard; sourceTree = "<group>"; };
		1F9B42281F61E44300CAA458 /* Assets.xcassets */ = {isa = PBXFileReference; lastKnownFileType = folder.assetcatalog; path = Assets.xcassets; sourceTree = "<group>"; };
		1F9B422B1F61E44300CAA458 /* Base */ = {isa = PBXFileReference; lastKnownFileType = file.storyboard; name = Base; path = Base.lproj/LaunchScreen.storyboard; sourceTree = "<group>"; };
		1F9B422D1F61E44300CAA458 /* Info.plist */ = {isa = PBXFileReference; lastKnownFileType = text.plist.xml; path = Info.plist; sourceTree = "<group>"; };
		1F9B42321F61E44300CAA458 /* Cold CallTests.xctest */ = {isa = PBXFileReference; explicitFileType = wrapper.cfbundle; includeInIndex = 0; path = "Cold CallTests.xctest"; sourceTree = BUILT_PRODUCTS_DIR; };
		1F9B42361F61E44300CAA458 /* Cold_CallTests.swift */ = {isa = PBXFileReference; lastKnownFileType = sourcecode.swift; path = Cold_CallTests.swift; sourceTree = "<group>"; };
		1F9B42381F61E44300CAA458 /* Info.plist */ = {isa = PBXFileReference; lastKnownFileType = text.plist.xml; path = Info.plist; sourceTree = "<group>"; };
		1F9B423D1F61E44300CAA458 /* Cold CallUITests.xctest */ = {isa = PBXFileReference; explicitFileType = wrapper.cfbundle; includeInIndex = 0; path = "Cold CallUITests.xctest"; sourceTree = BUILT_PRODUCTS_DIR; };
		1F9B42411F61E44300CAA458 /* Cold_CallUITests.swift */ = {isa = PBXFileReference; lastKnownFileType = sourcecode.swift; path = Cold_CallUITests.swift; sourceTree = "<group>"; };
		1F9B42431F61E44300CAA458 /* Info.plist */ = {isa = PBXFileReference; lastKnownFileType = text.plist.xml; path = Info.plist; sourceTree = "<group>"; };
/* End PBXFileReference section */

/* Begin PBXFrameworksBuildPhase section */
		1F9B421B1F61E44200CAA458 /* Frameworks */ = {
			isa = PBXFrameworksBuildPhase;
			buildActionMask = 2147483647;
			files = (
			);
			runOnlyForDeploymentPostprocessing = 0;
		};
		1F9B422F1F61E44300CAA458 /* Frameworks */ = {
			isa = PBXFrameworksBuildPhase;
			buildActionMask = 2147483647;
			files = (
			);
			runOnlyForDeploymentPostprocessing = 0;
		};
		1F9B423A1F61E44300CAA458 /* Frameworks */ = {
			isa = PBXFrameworksBuildPhase;
			buildActionMask = 2147483647;
			files = (
			);
			runOnlyForDeploymentPostprocessing = 0;
		};
/* End PBXFrameworksBuildPhase section */

/* Begin PBXGroup section */
		1F9B42151F61E44200CAA458 = {
			isa = PBXGroup;
			children = (
				1F9B42201F61E44300CAA458 /* Cold Call */,
				1F9B42351F61E44300CAA458 /* Cold CallTests */,
				1F9B42401F61E44300CAA458 /* Cold CallUITests */,
				1F9B421F1F61E44300CAA458 /* Products */,
			);
			sourceTree = "<group>";
		};
		1F9B421F1F61E44300CAA458 /* Products */ = {
			isa = PBXGroup;
			children = (
				1F9B421E1F61E44300CAA458 /* Cold Call.app */,
				1F9B42321F61E44300CAA458 /* Cold CallTests.xctest */,
				1F9B423D1F61E44300CAA458 /* Cold CallUITests.xctest */,
			);
			name = Products;
			sourceTree = "<group>";
		};
		1F9B42201F61E44300CAA458 /* Cold Call */ = {
			isa = PBXGroup;
			children = (
				1F9B42211F61E44300CAA458 /* AppDelegate.swift */,
				1F9B42231F61E44300CAA458 /* ViewController.swift */,
				1F9B42251F61E44300CAA458 /* Main.storyboard */,
				1F9B42281F61E44300CAA458 /* Assets.xcassets */,
				1F9B422A1F61E44300CAA458 /* LaunchScreen.storyboard */,
				1F9B422D1F61E44300CAA458 /* Info.plist */,
			);
			path = "Cold Call";
			sourceTree = "<group>";
		};
		1F9B42351F61E44300CAA458 /* Cold CallTests */ = {
			isa = PBXGroup;
			children = (
				1F9B42361F61E44300CAA458 /* Cold_CallTests.swift */,
				1F9B42381F61E44300CAA458 /* Info.plist */,
			);
			path = "Cold CallTests";
			sourceTree = "<group>";
		};
		1F9B42401F61E44300CAA458 /* Cold CallUITests */ = {
			isa = PBXGroup;
			children = (
				1F9B42411F61E44300CAA458 /* Cold_CallUITests.swift */,
				1F9B42431F61E44300CAA458 /* Info.plist */,
			);
			path = "Cold CallUITests";
			sourceTree = "<group>";
		};
/* End PBXGroup section */

/* Begin PBXNativeTarget section */
		1F9B421D1F61E44200CAA458 /* Cold Call */ = {
			isa = PBXNativeTarget;
			buildConfigurationList = 1F9B42461F61E44300CAA458 /* Build configuration list for PBXNativeTarget "Cold Call" */;
			buildPhases = (
				1F9B421A1F61E44200CAA458 /* Sources */,
				1F9B421B1F61E44200CAA458 /* Frameworks */,
				1F9B421C1F61E44200CAA458 /* Resources */,
			);
			buildRules = (
			);
			dependencies = (
			);
			name = "Cold Call";
			productName = "Cold Call";
			productReference = 1F9B421E1F61E44300CAA458 /* Cold Call.app */;
			productType = "com.apple.product-type.application";
		};
		1F9B42311F61E44300CAA458 /* Cold CallTests */ = {
			isa = PBXNativeTarget;
			buildConfigurationList = 1F9B42491F61E44300CAA458 /* Build configuration list for PBXNativeTarget "Cold CallTests" */;
			buildPhases = (
				1F9B422E1F61E44300CAA458 /* Sources */,
				1F9B422F1F61E44300CAA458 /* Frameworks */,
				1F9B42301F61E44300CAA458 /* Resources */,
			);
			buildRules = (
			);
			dependencies = (
				1F9B42341F61E44300CAA458 /* PBXTargetDependency */,
			);
			name = "Cold CallTests";
			productName = "Cold CallTests";
			productReference = 1F9B42321F61E44300CAA458 /* Cold CallTests.xctest */;
			productType = "com.apple.product-type.bundle.unit-test";
		};
		1F9B423C1F61E44300CAA458 /* Cold CallUITests */ = {
			isa = PBXNativeTarget;
			buildConfigurationList = 1F9B424C1F61E44300CAA458 /* Build configuration list for PBXNativeTarget "Cold CallUITests" */;
			buildPhases = (
				1F9B42391F61E44300CAA458 /* Sources */,
				1F9B423A1F61E44300CAA458 /* Frameworks */,
				1F9B423B1F61E44300CAA458 /* Resources */,
			);
			buildRules = (
			);
			dependencies = (
				1F9B423F1F61E44300CAA458 /* PBXTargetDependency */,
			);
			name = "Cold CallUITests";
			productName = "Cold CallUITests";
			productReference = 1F9B423D1F61E44300CAA458 /* Cold CallUITests.xctest */;
			productType = "com.apple.product-type.bundle.ui-testing";
		};
/* End PBXNativeTarget section */

/* Begin PBXProject section */
		1F9B42161F61E44200CAA458 /* Project object */ = {
			isa = PBXProject;
			attributes = {
				LastSwiftUpdateCheck = 0830;
				LastUpgradeCheck = 0830;
				ORGANIZATIONNAME = "Enrico Pineda";
				TargetAttributes = {
					1F9B421D1F61E44200CAA458 = {
						CreatedOnToolsVersion = 8.3.3;
						ProvisioningStyle = Automatic;
					};
					1F9B42311F61E44300CAA458 = {
						CreatedOnToolsVersion = 8.3.3;
						ProvisioningStyle = Automatic;
						TestTargetID = 1F9B421D1F61E44200CAA458;
					};
					1F9B423C1F61E44300CAA458 = {
						CreatedOnToolsVersion = 8.3.3;
						ProvisioningStyle = Automatic;
						TestTargetID = 1F9B421D1F61E44200CAA458;
					};
				};
			};
			buildConfigurationList = 1F9B42191F61E44200CAA458 /* Build configuration list for PBXProject "Cold Call" */;
			compatibilityVersion = "Xcode 3.2";
			developmentRegion = English;
			hasScannedForEncodings = 0;
			knownRegions = (
				en,
				Base,
			);
			mainGroup = 1F9B42151F61E44200CAA458;
			productRefGroup = 1F9B421F1F61E44300CAA458 /* Products */;
			projectDirPath = "";
			projectRoot = "";
			targets = (
				1F9B421D1F61E44200CAA458 /* Cold Call */,
				1F9B42311F61E44300CAA458 /* Cold CallTests */,
				1F9B423C1F61E44300CAA458 /* Cold CallUITests */,
			);
		};
/* End PBXProject section */

/* Begin PBXResourcesBuildPhase section */
		1F9B421C1F61E44200CAA458 /* Resources */ = {
			isa = PBXResourcesBuildPhase;
			buildActionMask = 2147483647;
			files = (
				1F9B422C1F61E44300CAA458 /* LaunchScreen.storyboard in Resources */,
				1F9B42291F61E44300CAA458 /* Assets.xcassets in Resources */,
				1F9B42271F61E44300CAA458 /* Main.storyboard in Resources */,
			);
			runOnlyForDeploymentPostprocessing = 0;
		};
		1F9B42301F61E44300CAA458 /* Resources */ = {
			isa = PBXResourcesBuildPhase;
			buildActionMask = 2147483647;
			files = (
			);
			runOnlyForDeploymentPostprocessing = 0;
		};
		1F9B423B1F61E44300CAA458 /* Resources */ = {
			isa = PBXResourcesBuildPhase;
			buildActionMask = 2147483647;
			files = (
			);
			runOnlyForDeploymentPostprocessing = 0;
		};
/* End PBXResourcesBuildPhase section */

/* Begin PBXSourcesBuildPhase section */
		1F9B421A1F61E44200CAA458 /* Sources */ = {
			isa = PBXSourcesBuildPhase;
			buildActionMask = 2147483647;
			files = (
				1F9B42241F61E44300CAA458 /* ViewController.swift in Sources */,
				1F9B42221F61E44300CAA458 /* AppDelegate.swift in Sources */,
			);
			runOnlyForDeploymentPostprocessing = 0;
		};
		1F9B422E1F61E44300CAA458 /* Sources */ = {
			isa = PBXSourcesBuildPhase;
			buildActionMask = 2147483647;
			files = (
				1F9B42371F61E44300CAA458 /* Cold_CallTests.swift in Sources */,
			);
			runOnlyForDeploymentPostprocessing = 0;
		};
		1F9B42391F61E44300CAA458 /* Sources */ = {
			isa = PBXSourcesBuildPhase;
			buildActionMask = 2147483647;
			files = (
				1F9B42421F61E44300CAA458 /* Cold_CallUITests.swift in Sources */,
			);
			runOnlyForDeploymentPostprocessing = 0;
		};
/* End PBXSourcesBuildPhase section */

/* Begin PBXTargetDependency section */
		1F9B42341F61E44300CAA458 /* PBXTargetDependency */ = {
			isa = PBXTargetDependency;
			target = 1F9B421D1F61E44200CAA458 /* Cold Call */;
			targetProxy = 1F9B42331F61E44300CAA458 /* PBXContainerItemProxy */;
		};
		1F9B423F1F61E44300CAA458 /* PBXTargetDependency */ = {
			isa = PBXTargetDependency;
			target = 1F9B421D1F61E44200CAA458 /* Cold Call */;
			targetProxy = 1F9B423E1F61E44300CAA458 /* PBXContainerItemProxy */;
		};
/* End PBXTargetDependency section */

/* Begin PBXVariantGroup section */
		1F9B42251F61E44300CAA458 /* Main.storyboard */ = {
			isa = PBXVariantGroup;
			children = (
				1F9B42261F61E44300CAA458 /* Base */,
			);
			name = Main.storyboard;
			sourceTree = "<group>";
		};
		1F9B422A1F61E44300CAA458 /* LaunchScreen.storyboard */ = {
			isa = PBXVariantGroup;
			children = (
				1F9B422B1F61E44300CAA458 /* Base */,
			);
			name = LaunchScreen.storyboard;
			sourceTree = "<group>";
		};
/* End PBXVariantGroup section */

/* Begin XCBuildConfiguration section */
		1F9B42441F61E44300CAA458 /* Debug */ = {
			isa = XCBuildConfiguration;
			buildSettings = {
				ALWAYS_SEARCH_USER_PATHS = NO;
				CLANG_ANALYZER_NONNULL = YES;
				CLANG_ANALYZER_NUMBER_OBJECT_CONVERSION = YES_AGGRESSIVE;
				CLANG_CXX_LANGUAGE_STANDARD = "gnu++0x";
				CLANG_CXX_LIBRARY = "libc++";
				CLANG_ENABLE_MODULES = YES;
				CLANG_ENABLE_OBJC_ARC = YES;
				CLANG_WARN_BOOL_CONVERSION = YES;
				CLANG_WARN_CONSTANT_CONVERSION = YES;
				CLANG_WARN_DIRECT_OBJC_ISA_USAGE = YES_ERROR;
				CLANG_WARN_DOCUMENTATION_COMMENTS = YES;
				CLANG_WARN_EMPTY_BODY = YES;
				CLANG_WARN_ENUM_CONVERSION = YES;
				CLANG_WARN_INFINITE_RECURSION = YES;
				CLANG_WARN_INT_CONVERSION = YES;
				CLANG_WARN_OBJC_ROOT_CLASS = YES_ERROR;
				CLANG_WARN_SUSPICIOUS_MOVE = YES;
				CLANG_WARN_UNREACHABLE_CODE = YES;
				CLANG_WARN__DUPLICATE_METHOD_MATCH = YES;
				"CODE_SIGN_IDENTITY[sdk=iphoneos*]" = "iPhone Developer";
				COPY_PHASE_STRIP = NO;
				DEBUG_INFORMATION_FORMAT = dwarf;
				ENABLE_STRICT_OBJC_MSGSEND = YES;
				ENABLE_TESTABILITY = YES;
				GCC_C_LANGUAGE_STANDARD = gnu99;
				GCC_DYNAMIC_NO_PIC = NO;
				GCC_NO_COMMON_BLOCKS = YES;
				GCC_OPTIMIZATION_LEVEL = 0;
				GCC_PREPROCESSOR_DEFINITIONS = (
					"DEBUG=1",
					"$(inherited)",
				);
				GCC_WARN_64_TO_32_BIT_CONVERSION = YES;
				GCC_WARN_ABOUT_RETURN_TYPE = YES_ERROR;
				GCC_WARN_UNDECLARED_SELECTOR = YES;
				GCC_WARN_UNINITIALIZED_AUTOS = YES_AGGRESSIVE;
				GCC_WARN_UNUSED_FUNCTION = YES;
				GCC_WARN_UNUSED_VARIABLE = YES;
				IPHONEOS_DEPLOYMENT_TARGET = 10.3;
				MTL_ENABLE_DEBUG_INFO = YES;
				ONLY_ACTIVE_ARCH = YES;
				SDKROOT = iphoneos;
				SWIFT_ACTIVE_COMPILATION_CONDITIONS = DEBUG;
				SWIFT_OPTIMIZATION_LEVEL = "-Onone";
				TARGETED_DEVICE_FAMILY = "1,2";
			};
			name = Debug;
		};
		1F9B42451F61E44300CAA458 /* Release */ = {
			isa = XCBuildConfiguration;
			buildSettings = {
				ALWAYS_SEARCH_USER_PATHS = NO;
				CLANG_ANALYZER_NONNULL = YES;
				CLANG_ANALYZER_NUMBER_OBJECT_CONVERSION = YES_AGGRESSIVE;
				CLANG_CXX_LANGUAGE_STANDARD = "gnu++0x";
				CLANG_CXX_LIBRARY = "libc++";
				CLANG_ENABLE_MODULES = YES;
				CLANG_ENABLE_OBJC_ARC = YES;
				CLANG_WARN_BOOL_CONVERSION = YES;
				CLANG_WARN_CONSTANT_CONVERSION = YES;
				CLANG_WARN_DIRECT_OBJC_ISA_USAGE = YES_ERROR;
				CLANG_WARN_DOCUMENTATION_COMMENTS = YES;
				CLANG_WARN_EMPTY_BODY = YES;
				CLANG_WARN_ENUM_CONVERSION = YES;
				CLANG_WARN_INFINITE_RECURSION = YES;
				CLANG_WARN_INT_CONVERSION = YES;
				CLANG_WARN_OBJC_ROOT_CLASS = YES_ERROR;
				CLANG_WARN_SUSPICIOUS_MOVE = YES;
				CLANG_WARN_UNREACHABLE_CODE = YES;
				CLANG_WARN__DUPLICATE_METHOD_MATCH = YES;
				"CODE_SIGN_IDENTITY[sdk=iphoneos*]" = "iPhone Developer";
				COPY_PHASE_STRIP = NO;
				DEBUG_INFORMATION_FORMAT = "dwarf-with-dsym";
				ENABLE_NS_ASSERTIONS = NO;
				ENABLE_STRICT_OBJC_MSGSEND = YES;
				GCC_C_LANGUAGE_STANDARD = gnu99;
				GCC_NO_COMMON_BLOCKS = YES;
				GCC_WARN_64_TO_32_BIT_CONVERSION = YES;
				GCC_WARN_ABOUT_RETURN_TYPE = YES_ERROR;
				GCC_WARN_UNDECLARED_SELECTOR = YES;
				GCC_WARN_UNINITIALIZED_AUTOS = YES_AGGRESSIVE;
				GCC_WARN_UNUSED_FUNCTION = YES;
				GCC_WARN_UNUSED_VARIABLE = YES;
				IPHONEOS_DEPLOYMENT_TARGET = 10.3;
				MTL_ENABLE_DEBUG_INFO = NO;
				SDKROOT = iphoneos;
				SWIFT_OPTIMIZATION_LEVEL = "-Owholemodule";
				TARGETED_DEVICE_FAMILY = "1,2";
				VALIDATE_PRODUCT = YES;
			};
			name = Release;
		};
		1F9B42471F61E44300CAA458 /* Debug */ = {
			isa = XCBuildConfiguration;
			buildSettings = {
				ASSETCATALOG_COMPILER_APPICON_NAME = AppIcon;
				INFOPLIST_FILE = "Cold Call/Info.plist";
				LD_RUNPATH_SEARCH_PATHS = "$(inherited) @executable_path/Frameworks";
				PRODUCT_BUNDLE_IDENTIFIER = "com.codingdojo.Cold-Call";
				PRODUCT_NAME = "$(TARGET_NAME)";
				SWIFT_VERSION = 3.0;
			};
			name = Debug;
		};
		1F9B42481F61E44300CAA458 /* Release */ = {
			isa = XCBuildConfiguration;
			buildSettings = {
				ASSETCATALOG_COMPILER_APPICON_NAME = AppIcon;
				INFOPLIST_FILE = "Cold Call/Info.plist";
				LD_RUNPATH_SEARCH_PATHS = "$(inherited) @executable_path/Frameworks";
				PRODUCT_BUNDLE_IDENTIFIER = "com.codingdojo.Cold-Call";
				PRODUCT_NAME = "$(TARGET_NAME)";
				SWIFT_VERSION = 3.0;
			};
			name = Release;
		};
		1F9B424A1F61E44300CAA458 /* Debug */ = {
			isa = XCBuildConfiguration;
			buildSettings = {
				ALWAYS_EMBED_SWIFT_STANDARD_LIBRARIES = YES;
				BUNDLE_LOADER = "$(TEST_HOST)";
				INFOPLIST_FILE = "Cold CallTests/Info.plist";
				LD_RUNPATH_SEARCH_PATHS = "$(inherited) @executable_path/Frameworks @loader_path/Frameworks";
				PRODUCT_BUNDLE_IDENTIFIER = "com.codingdojo.Cold-CallTests";
				PRODUCT_NAME = "$(TARGET_NAME)";
				SWIFT_VERSION = 3.0;
				TEST_HOST = "$(BUILT_PRODUCTS_DIR)/Cold Call.app/Cold Call";
			};
			name = Debug;
		};
		1F9B424B1F61E44300CAA458 /* Release */ = {
			isa = XCBuildConfiguration;
			buildSettings = {
				ALWAYS_EMBED_SWIFT_STANDARD_LIBRARIES = YES;
				BUNDLE_LOADER = "$(TEST_HOST)";
				INFOPLIST_FILE = "Cold CallTests/Info.plist";
				LD_RUNPATH_SEARCH_PATHS = "$(inherited) @executable_path/Frameworks @loader_path/Frameworks";
				PRODUCT_BUNDLE_IDENTIFIER = "com.codingdojo.Cold-CallTests";
				PRODUCT_NAME = "$(TARGET_NAME)";
				SWIFT_VERSION = 3.0;
				TEST_HOST = "$(BUILT_PRODUCTS_DIR)/Cold Call.app/Cold Call";
			};
			name = Release;
		};
		1F9B424D1F61E44300CAA458 /* Debug */ = {
			isa = XCBuildConfiguration;
			buildSettings = {
				ALWAYS_EMBED_SWIFT_STANDARD_LIBRARIES = YES;
				INFOPLIST_FILE = "Cold CallUITests/Info.plist";
				LD_RUNPATH_SEARCH_PATHS = "$(inherited) @executable_path/Frameworks @loader_path/Frameworks";
				PRODUCT_BUNDLE_IDENTIFIER = "com.codingdojo.Cold-CallUITests";
				PRODUCT_NAME = "$(TARGET_NAME)";
				SWIFT_VERSION = 3.0;
				TEST_TARGET_NAME = "Cold Call";
			};
			name = Debug;
		};
		1F9B424E1F61E44300CAA458 /* Release */ = {
			isa = XCBuildConfiguration;
			buildSettings = {
				ALWAYS_EMBED_SWIFT_STANDARD_LIBRARIES = YES;
				INFOPLIST_FILE = "Cold CallUITests/Info.plist";
				LD_RUNPATH_SEARCH_PATHS = "$(inherited) @executable_path/Frameworks @loader_path/Frameworks";
				PRODUCT_BUNDLE_IDENTIFIER = "com.codingdojo.Cold-CallUITests";
				PRODUCT_NAME = "$(TARGET_NAME)";
				SWIFT_VERSION = 3.0;
				TEST_TARGET_NAME = "Cold Call";
			};
			name = Release;
		};
/* End XCBuildConfiguration section */

/* Begin XCConfigurationList section */
		1F9B42191F61E44200CAA458 /* Build configuration list for PBXProject "Cold Call" */ = {
			isa = XCConfigurationList;
			buildConfigurations = (
				1F9B42441F61E44300CAA458 /* Debug */,
				1F9B42451F61E44300CAA458 /* Release */,
			);
			defaultConfigurationIsVisible = 0;
			defaultConfigurationName = Release;
		};
		1F9B42461F61E44300CAA458 /* Build configuration list for PBXNativeTarget "Cold Call" */ = {
			isa = XCConfigurationList;
			buildConfigurations = (
				1F9B42471F61E44300CAA458 /* Debug */,
				1F9B42481F61E44300CAA458 /* Release */,
			);
			defaultConfigurationIsVisible = 0;
		};
		1F9B42491F61E44300CAA458 /* Build configuration list for PBXNativeTarget "Cold CallTests" */ = {
			isa = XCConfigurationList;
			buildConfigurations = (
				1F9B424A1F61E44300CAA458 /* Debug */,
				1F9B424B1F61E44300CAA458 /* Release */,
			);
			defaultConfigurationIsVisible = 0;
		};
		1F9B424C1F61E44300CAA458 /* Build configuration list for PBXNativeTarget "Cold CallUITests" */ = {
			isa = XCConfigurationList;
			buildConfigurations = (
				1F9B424D1F61E44300CAA458 /* Debug */,
				1F9B424E1F61E44300CAA458 /* Release */,
			);
			defaultConfigurationIsVisible = 0;
		};
/* End XCConfigurationList section */
	};
	rootObject = 1F9B42161F61E44200CAA458 /* Project object */;
}
